
Microsoft Visual Studio Solution File, Format Version 12.00
# Visual Studio 15
VisualStudioVersion = 15.0.28307.1738
MinimumVisualStudioVersion = 10.0.40219.1
Project("{FAE04EC0-301F-11D3-BF4B-00C04F79EFBC}") = "Samples", "Samples\Samples.csproj", "{6BBC0CB5-5120-4670-A57A-AF06F3CE2149}"
EndProject
Project("{FAE04EC0-301F-11D3-BF4B-00C04F79EFBC}") = "Izibiz", "Izibiz\Izibiz.csproj", "{6EDCE3EE-0DD4-48CA-9278-57711DEC0D67}"
EndProject
Global
	GlobalSection(SolutionConfigurationPlatforms) = preSolution
		Debug|Any CPU = Debug|Any CPU
		Release|Any CPU = Release|Any CPU
	EndGlobalSection
	GlobalSection(ProjectConfigurationPlatforms) = postSolution
		{6BBC0CB5-5120-4670-A57A-AF06F3CE2149}.Debug|Any CPU.ActiveCfg = Debug|Any CPU
		{6BBC0CB5-5120-4670-A57A-AF06F3CE2149}.Debug|Any CPU.Build.0 = Debug|Any CPU
		{6BBC0CB5-5120-4670-A57A-AF06F3CE2149}.Release|Any CPU.ActiveCfg = Release|Any CPU
		{6BBC0CB5-5120-4670-A57A-AF06F3CE2149}.Release|Any CPU.Build.0 = Release|Any CPU
		{6EDCE3EE-0DD4-48CA-9278-57711DEC0D67}.Debug|Any CPU.ActiveCfg = Debug|Any CPU
		{6EDCE3EE-0DD4-48CA-9278-57711DEC0D67}.Debug|Any CPU.Build.0 = Debug|Any CPU
		{6EDCE3EE-0DD4-48CA-9278-57711DEC0D67}.Release|Any CPU.ActiveCfg = Release|Any CPU
		{6EDCE3EE-0DD4-48CA-9278-57711DEC0D67}.Release|Any CPU.Build.0 = Release|Any CPU
	EndGlobalSection
	GlobalSection(SolutionProperties) = preSolution
		HideSolutionNode = FALSE
	EndGlobalSection
	GlobalSection(ExtensibilityGlobals) = postSolution
		SolutionGuid = {758B8863-9C2A-4093-9988-EFBD0C69C7C7}
	EndGlobalSection
EndGlobal
